
Microsoft Visual Studio Solution File, Format Version 12.00
# Visual Studio Version 17
VisualStudioVersion = 17.5.002.0
MinimumVisualStudioVersion = 10.0.40219.1
Project("{9A19103F-16F7-4668-BE54-9A1E7A4F7556}") = "ukol001", "ukol001.csproj", "{C64B20A1-4EA1-451C-A899-0B06B1366E29}"
EndProject
Global
	GlobalSection(SolutionConfigurationPlatforms) = preSolution
		Debug|Any CPU = Debug|Any CPU
		Release|Any CPU = Release|Any CPU
	EndGlobalSection
	GlobalSection(ProjectConfigurationPlatforms) = postSolution
		{C64B20A1-4EA1-451C-A899-0B06B1366E29}.Debug|Any CPU.ActiveCfg = Debug|Any CPU
		{C64B20A1-4EA1-451C-A899-0B06B1366E29}.Debug|Any CPU.Build.0 = Debug|Any CPU
		{C64B20A1-4EA1-451C-A899-0B06B1366E29}.Release|Any CPU.ActiveCfg = Release|Any CPU
		{C64B20A1-4EA1-451C-A899-0B06B1366E29}.Release|Any CPU.Build.0 = Release|Any CPU
	EndGlobalSection
	GlobalSection(SolutionProperties) = preSolution
		HideSolutionNode = FALSE
	EndGlobalSection
	GlobalSection(ExtensibilityGlobals) = postSolution
		SolutionGuid = {25109FF8-3728-4420-AD1C-18E77D589099}
	EndGlobalSection
EndGlobal
